
Microsoft Visual Studio Solution File, Format Version 12.00
# Visual Studio Version 16
VisualStudioVersion = 16.0.29926.136
MinimumVisualStudioVersion = 10.0.40219.1
Project("{9A19103F-16F7-4668-BE54-9A1E7A4F7556}") = "BotBackend", "WaifuBackend\BotBackend.csproj", "{9636C8A4-D263-4A90-BEBB-0F553545718B}"
EndProject
Project("{9A19103F-16F7-4668-BE54-9A1E7A4F7556}") = "Models", "Models\Models.csproj", "{65DDAEF7-DF92-4092-AC11-31338EB9FC0C}"
EndProject
Project("{9A19103F-16F7-4668-BE54-9A1E7A4F7556}") = "Services", "Services\Services.csproj", "{C184E504-994A-42A4-B0CF-873FAF5F9379}"
EndProject
Global
	GlobalSection(SolutionConfigurationPlatforms) = preSolution
		Debug|Any CPU = Debug|Any CPU
		Release|Any CPU = Release|Any CPU
	EndGlobalSection
	GlobalSection(ProjectConfigurationPlatforms) = postSolution
		{9636C8A4-D263-4A90-BEBB-0F553545718B}.Debug|Any CPU.ActiveCfg = Debug|Any CPU
		{9636C8A4-D263-4A90-BEBB-0F553545718B}.Debug|Any CPU.Build.0 = Debug|Any CPU
		{9636C8A4-D263-4A90-BEBB-0F553545718B}.Release|Any CPU.ActiveCfg = Release|Any CPU
		{9636C8A4-D263-4A90-BEBB-0F553545718B}.Release|Any CPU.Build.0 = Release|Any CPU
		{65DDAEF7-DF92-4092-AC11-31338EB9FC0C}.Debug|Any CPU.ActiveCfg = Debug|Any CPU
		{65DDAEF7-DF92-4092-AC11-31338EB9FC0C}.Debug|Any CPU.Build.0 = Debug|Any CPU
		{65DDAEF7-DF92-4092-AC11-31338EB9FC0C}.Release|Any CPU.ActiveCfg = Release|Any CPU
		{65DDAEF7-DF92-4092-AC11-31338EB9FC0C}.Release|Any CPU.Build.0 = Release|Any CPU
		{C184E504-994A-42A4-B0CF-873FAF5F9379}.Debug|Any CPU.ActiveCfg = Debug|Any CPU
		{C184E504-994A-42A4-B0CF-873FAF5F9379}.Debug|Any CPU.Build.0 = Debug|Any CPU
		{C184E504-994A-42A4-B0CF-873FAF5F9379}.Release|Any CPU.ActiveCfg = Release|Any CPU
		{C184E504-994A-42A4-B0CF-873FAF5F9379}.Release|Any CPU.Build.0 = Release|Any CPU
	EndGlobalSection
	GlobalSection(SolutionProperties) = preSolution
		HideSolutionNode = FALSE
	EndGlobalSection
	GlobalSection(ExtensibilityGlobals) = postSolution
		SolutionGuid = {28FE6C8F-B233-4F18-880A-353911B26A1C}
	EndGlobalSection
EndGlobal
